
Microsoft Visual Studio Solution File, Format Version 12.00
# Visual Studio Version 17
VisualStudioVersion = 17.14.36705.20 d17.14
MinimumVisualStudioVersion = 10.0.40219.1
Project("{FAE04EC0-301F-11D3-BF4B-00C04F79EFBC}") = "ProductMicroservice.API", "ProductMicroservice.API\ProductMicroservice.API.csproj", "{1E13EC04-55F6-4522-AC9F-4577EDE43272}"
EndProject
Project("{FAE04EC0-301F-11D3-BF4B-00C04F79EFBC}") = "DataAccessLayer", "DataAccessLayer\DataAccessLayer.csproj", "{F55BE8A2-FFF6-4AAA-A2A7-2E6C42563B4A}"
EndProject
Project("{FAE04EC0-301F-11D3-BF4B-00C04F79EFBC}") = "BusinessLogicLayer", "BusinessLogicLayer\BusinessLogicLayer.csproj", "{283E6D62-790C-4B10-B9EA-944C64D671A5}"
EndProject
Global
	GlobalSection(SolutionConfigurationPlatforms) = preSolution
		Debug|Any CPU = Debug|Any CPU
		Release|Any CPU = Release|Any CPU
	EndGlobalSection
	GlobalSection(ProjectConfigurationPlatforms) = postSolution
		{1E13EC04-55F6-4522-AC9F-4577EDE43272}.Debug|Any CPU.ActiveCfg = Debug|Any CPU
		{1E13EC04-55F6-4522-AC9F-4577EDE43272}.Debug|Any CPU.Build.0 = Debug|Any CPU
		{1E13EC04-55F6-4522-AC9F-4577EDE43272}.Release|Any CPU.ActiveCfg = Release|Any CPU
		{1E13EC04-55F6-4522-AC9F-4577EDE43272}.Release|Any CPU.Build.0 = Release|Any CPU
		{F55BE8A2-FFF6-4AAA-A2A7-2E6C42563B4A}.Debug|Any CPU.ActiveCfg = Debug|Any CPU
		{F55BE8A2-FFF6-4AAA-A2A7-2E6C42563B4A}.Debug|Any CPU.Build.0 = Debug|Any CPU
		{F55BE8A2-FFF6-4AAA-A2A7-2E6C42563B4A}.Release|Any CPU.ActiveCfg = Release|Any CPU
		{F55BE8A2-FFF6-4AAA-A2A7-2E6C42563B4A}.Release|Any CPU.Build.0 = Release|Any CPU
		{283E6D62-790C-4B10-B9EA-944C64D671A5}.Debug|Any CPU.ActiveCfg = Debug|Any CPU
		{283E6D62-790C-4B10-B9EA-944C64D671A5}.Debug|Any CPU.Build.0 = Debug|Any CPU
		{283E6D62-790C-4B10-B9EA-944C64D671A5}.Release|Any CPU.ActiveCfg = Release|Any CPU
		{283E6D62-790C-4B10-B9EA-944C64D671A5}.Release|Any CPU.Build.0 = Release|Any CPU
	EndGlobalSection
	GlobalSection(SolutionProperties) = preSolution
		HideSolutionNode = FALSE
	EndGlobalSection
	GlobalSection(ExtensibilityGlobals) = postSolution
		SolutionGuid = {8E1FE37A-8E24-4EB6-8696-641F1EFE3F90}
	EndGlobalSection
EndGlobal
